
Microsoft Visual Studio Solution File, Format Version 12.00
# Visual Studio Version 17
VisualStudioVersion = 17.3.32929.385
MinimumVisualStudioVersion = 10.0.40219.1
Project("{8BC9CEB8-8B4A-11D0-8D11-00A0C91BC942}") = "错题本", "错题本.vcxproj", "{ECFA7F3B-7B42-408C-A2E8-E3353988F228}"
EndProject
Global
	GlobalSection(SolutionConfigurationPlatforms) = preSolution
		Debug|x64 = Debug|x64
		Debug|x86 = Debug|x86
		Release|x64 = Release|x64
		Release|x86 = Release|x86
	EndGlobalSection
	GlobalSection(ProjectConfigurationPlatforms) = postSolution
		{ECFA7F3B-7B42-408C-A2E8-E3353988F228}.Debug|x64.ActiveCfg = Debug|x64
		{ECFA7F3B-7B42-408C-A2E8-E3353988F228}.Debug|x64.Build.0 = Debug|x64
		{ECFA7F3B-7B42-408C-A2E8-E3353988F228}.Debug|x86.ActiveCfg = Debug|Win32
		{ECFA7F3B-7B42-408C-A2E8-E3353988F228}.Debug|x86.Build.0 = Debug|Win32
		{ECFA7F3B-7B42-408C-A2E8-E3353988F228}.Release|x64.ActiveCfg = Release|x64
		{ECFA7F3B-7B42-408C-A2E8-E3353988F228}.Release|x64.Build.0 = Release|x64
		{ECFA7F3B-7B42-408C-A2E8-E3353988F228}.Release|x86.ActiveCfg = Release|Win32
		{ECFA7F3B-7B42-408C-A2E8-E3353988F228}.Release|x86.Build.0 = Release|Win32
	EndGlobalSection
	GlobalSection(SolutionProperties) = preSolution
		HideSolutionNode = FALSE
	EndGlobalSection
	GlobalSection(ExtensibilityGlobals) = postSolution
		SolutionGuid = {F9689E04-E8A0-4586-84B5-F5655E4A7EB9}
	EndGlobalSection
EndGlobal
